// !$*UTF8*$!
{
	archiveVersion = 1;
	classes = {
	};
	objectVersion = 50;
	objects = {

/* Begin PBXBuildFile section */
		F0CFE6160C2585EA6551E254 /* Pods_Todoey.framework in Frameworks */ = {isa = PBXBuildFile; fileRef = AC2A7BCA64D198D122DBD4A1 /* Pods_Todoey.framework */; };
		F127EC3F219068AD002A80C6 /* AppDelegate.swift in Sources */ = {isa = PBXBuildFile; fileRef = F127EC3E219068AD002A80C6 /* AppDelegate.swift */; };
		F127EC41219068AD002A80C6 /* TodolListViewController.swift in Sources */ = {isa = PBXBuildFile; fileRef = F127EC40219068AD002A80C6 /* TodolListViewController.swift */; };
		F127EC44219068AD002A80C6 /* Main.storyboard in Resources */ = {isa = PBXBuildFile; fileRef = F127EC42219068AD002A80C6 /* Main.storyboard */; };
		F127EC46219068AF002A80C6 /* Assets.xcassets in Resources */ = {isa = PBXBuildFile; fileRef = F127EC45219068AF002A80C6 /* Assets.xcassets */; };
		F127EC49219068AF002A80C6 /* LaunchScreen.storyboard in Resources */ = {isa = PBXBuildFile; fileRef = F127EC47219068AF002A80C6 /* LaunchScreen.storyboard */; };
		F1DF0B212192C1E1007042DF /* DataModel.xcdatamodeld in Sources */ = {isa = PBXBuildFile; fileRef = F1DF0B1F2192C1E1007042DF /* DataModel.xcdatamodeld */; };
		F1DF0B442193D25D007042DF /* CategoryTableViewController.swift in Sources */ = {isa = PBXBuildFile; fileRef = F1DF0B432193D25D007042DF /* CategoryTableViewController.swift */; };
/* End PBXBuildFile section */

/* Begin PBXFileReference section */
		8FF815E70575F26480195C40 /* Pods-Todoey.release.xcconfig */ = {isa = PBXFileReference; includeInIndex = 1; lastKnownFileType = text.xcconfig; name = "Pods-Todoey.release.xcconfig"; path = "Pods/Target Support Files/Pods-Todoey/Pods-Todoey.release.xcconfig"; sourceTree = "<group>"; };
		AC2A7BCA64D198D122DBD4A1 /* Pods_Todoey.framework */ = {isa = PBXFileReference; explicitFileType = wrapper.framework; includeInIndex = 0; path = Pods_Todoey.framework; sourceTree = BUILT_PRODUCTS_DIR; };
		CFE36E4C4E797E4B35374EA2 /* Pods-Todoey.debug.xcconfig */ = {isa = PBXFileReference; includeInIndex = 1; lastKnownFileType = text.xcconfig; name = "Pods-Todoey.debug.xcconfig"; path = "Pods/Target Support Files/Pods-Todoey/Pods-Todoey.debug.xcconfig"; sourceTree = "<group>"; };
		F127EC3B219068AD002A80C6 /* Todoey.app */ = {isa = PBXFileReference; explicitFileType = wrapper.application; includeInIndex = 0; path = Todoey.app; sourceTree = BUILT_PRODUCTS_DIR; };
		F127EC3E219068AD002A80C6 /* AppDelegate.swift */ = {isa = PBXFileReference; lastKnownFileType = sourcecode.swift; path = AppDelegate.swift; sourceTree = "<group>"; };
		F127EC40219068AD002A80C6 /* TodolListViewController.swift */ = {isa = PBXFileReference; lastKnownFileType = sourcecode.swift; path = TodolListViewController.swift; sourceTree = "<group>"; };
		F127EC43219068AD002A80C6 /* Base */ = {isa = PBXFileReference; lastKnownFileType = file.storyboard; name = Base; path = Base.lproj/Main.storyboard; sourceTree = "<group>"; };
		F127EC45219068AF002A80C6 /* Assets.xcassets */ = {isa = PBXFileReference; lastKnownFileType = folder.assetcatalog; path = Assets.xcassets; sourceTree = "<group>"; };
		F127EC48219068AF002A80C6 /* Base */ = {isa = PBXFileReference; lastKnownFileType = file.storyboard; name = Base; path = Base.lproj/LaunchScreen.storyboard; sourceTree = "<group>"; };
		F127EC4A219068AF002A80C6 /* Info.plist */ = {isa = PBXFileReference; lastKnownFileType = text.plist.xml; path = Info.plist; sourceTree = "<group>"; };
		F1DF0B202192C1E1007042DF /* DataModel.xcdatamodel */ = {isa = PBXFileReference; lastKnownFileType = wrapper.xcdatamodel; path = DataModel.xcdatamodel; sourceTree = "<group>"; };
		F1DF0B432193D25D007042DF /* CategoryTableViewController.swift */ = {isa = PBXFileReference; lastKnownFileType = sourcecode.swift; path = CategoryTableViewController.swift; sourceTree = "<group>"; };
/* End PBXFileReference section */

/* Begin PBXFrameworksBuildPhase section */
		F127EC38219068AD002A80C6 /* Frameworks */ = {
			isa = PBXFrameworksBuildPhase;
			buildActionMask = 2147483647;
			files = (
				F0CFE6160C2585EA6551E254 /* Pods_Todoey.framework in Frameworks */,
			);
			runOnlyForDeploymentPostprocessing = 0;
		};
/* End PBXFrameworksBuildPhase section */

/* Begin PBXGroup section */
		7E0CDA2E4C7DA1F5CC9EF1A2 /* Frameworks */ = {
			isa = PBXGroup;
			children = (
				AC2A7BCA64D198D122DBD4A1 /* Pods_Todoey.framework */,
			);
			name = Frameworks;
			sourceTree = "<group>";
		};
		D282D727359A426D6D468D65 /* Pods */ = {
			isa = PBXGroup;
			children = (
				CFE36E4C4E797E4B35374EA2 /* Pods-Todoey.debug.xcconfig */,
				8FF815E70575F26480195C40 /* Pods-Todoey.release.xcconfig */,
			);
			name = Pods;
			sourceTree = "<group>";
		};
		F127EC32219068AD002A80C6 = {
			isa = PBXGroup;
			children = (
				F127EC3D219068AD002A80C6 /* Todoey */,
				F127EC3C219068AD002A80C6 /* Products */,
				D282D727359A426D6D468D65 /* Pods */,
				7E0CDA2E4C7DA1F5CC9EF1A2 /* Frameworks */,
			);
			sourceTree = "<group>";
		};
		F127EC3C219068AD002A80C6 /* Products */ = {
			isa = PBXGroup;
			children = (
				F127EC3B219068AD002A80C6 /* Todoey.app */,
			);
			name = Products;
			sourceTree = "<group>";
		};
		F127EC3D219068AD002A80C6 /* Todoey */ = {
			isa = PBXGroup;
			children = (
				F127EC3E219068AD002A80C6 /* AppDelegate.swift */,
				F193AEDC21917C600066070D /* Controllers */,
				F193AEDB21917C350066070D /* Data Model */,
				F193AEDD21917C870066070D /* Views */,
				F193AEE021917D010066070D /* Supporting File */,
				F127EC4A219068AF002A80C6 /* Info.plist */,
			);
			path = Todoey;
			sourceTree = "<group>";
		};
		F193AEDB21917C350066070D /* Data Model */ = {
			isa = PBXGroup;
			children = (
				F1DF0B1F2192C1E1007042DF /* DataModel.xcdatamodeld */,
			);
			path = "Data Model";
			sourceTree = "<group>";
		};
		F193AEDC21917C600066070D /* Controllers */ = {
			isa = PBXGroup;
			children = (
				F1DF0B432193D25D007042DF /* CategoryTableViewController.swift */,
				F127EC40219068AD002A80C6 /* TodolListViewController.swift */,
			);
			path = Controllers;
			sourceTree = "<group>";
		};
		F193AEDD21917C870066070D /* Views */ = {
			isa = PBXGroup;
			children = (
				F127EC42219068AD002A80C6 /* Main.storyboard */,
			);
			path = Views;
			sourceTree = "<group>";
		};
		F193AEE021917D010066070D /* Supporting File */ = {
			isa = PBXGroup;
			children = (
				F127EC47219068AF002A80C6 /* LaunchScreen.storyboard */,
				F127EC45219068AF002A80C6 /* Assets.xcassets */,
			);
			path = "Supporting File";
			sourceTree = "<group>";
		};
/* End PBXGroup section */

/* Begin PBXNativeTarget section */
		F127EC3A219068AD002A80C6 /* Todoey */ = {
			isa = PBXNativeTarget;
			buildConfigurationList = F127EC4D219068AF002A80C6 /* Build configuration list for PBXNativeTarget "Todoey" */;
			buildPhases = (
				84ADBEAA4EF79AF02FC57FEF /* [CP] Check Pods Manifest.lock */,
				F127EC37219068AD002A80C6 /* Sources */,
				F127EC38219068AD002A80C6 /* Frameworks */,
				F127EC39219068AD002A80C6 /* Resources */,
				DCE8EE4153508407824DB9E9 /* [CP] Embed Pods Frameworks */,
			);
			buildRules = (
			);
			dependencies = (
			);
			name = Todoey;
			productName = Todoey;
			productReference = F127EC3B219068AD002A80C6 /* Todoey.app */;
			productType = "com.apple.product-type.application";
		};
/* End PBXNativeTarget section */

/* Begin PBXProject section */
		F127EC33219068AD002A80C6 /* Project object */ = {
			isa = PBXProject;
			attributes = {
				LastSwiftUpdateCheck = 1010;
				LastUpgradeCheck = 1010;
				ORGANIZATIONNAME = "歐軒忠";
				TargetAttributes = {
					F127EC3A219068AD002A80C6 = {
						CreatedOnToolsVersion = 10.1;
					};
				};
			};
			buildConfigurationList = F127EC36219068AD002A80C6 /* Build configuration list for PBXProject "Todoey" */;
			compatibilityVersion = "Xcode 9.3";
			developmentRegion = en;
			hasScannedForEncodings = 0;
			knownRegions = (
				en,
				Base,
			);
			mainGroup = F127EC32219068AD002A80C6;
			productRefGroup = F127EC3C219068AD002A80C6 /* Products */;
			projectDirPath = "";
			projectRoot = "";
			targets = (
				F127EC3A219068AD002A80C6 /* Todoey */,
			);
		};
/* End PBXProject section */

/* Begin PBXResourcesBuildPhase section */
		F127EC39219068AD002A80C6 /* Resources */ = {
			isa = PBXResourcesBuildPhase;
			buildActionMask = 2147483647;
			files = (
				F127EC49219068AF002A80C6 /* LaunchScreen.storyboard in Resources */,
				F127EC46219068AF002A80C6 /* Assets.xcassets in Resources */,
				F127EC44219068AD002A80C6 /* Main.storyboard in Resources */,
			);
			runOnlyForDeploymentPostprocessing = 0;
		};
/* End PBXResourcesBuildPhase section */

/* Begin PBXShellScriptBuildPhase section */
		84ADBEAA4EF79AF02FC57FEF /* [CP] Check Pods Manifest.lock */ = {
			isa = PBXShellScriptBuildPhase;
			buildActionMask = 2147483647;
			files = (
			);
			inputPaths = (
				"${PODS_PODFILE_DIR_PATH}/Podfile.lock",
				"${PODS_ROOT}/Manifest.lock",
			);
			name = "[CP] Check Pods Manifest.lock";
			outputPaths = (
				"$(DERIVED_FILE_DIR)/Pods-Todoey-checkManifestLockResult.txt",
			);
			runOnlyForDeploymentPostprocessing = 0;
			shellPath = /bin/sh;
			shellScript = "diff \"${PODS_PODFILE_DIR_PATH}/Podfile.lock\" \"${PODS_ROOT}/Manifest.lock\" > /dev/null\nif [ $? != 0 ] ; then\n    # print error to STDERR\n    echo \"error: The sandbox is not in sync with the Podfile.lock. Run 'pod install' or update your CocoaPods installation.\" >&2\n    exit 1\nfi\n# This output is used by Xcode 'outputs' to avoid re-running this script phase.\necho \"SUCCESS\" > \"${SCRIPT_OUTPUT_FILE_0}\"\n";
			showEnvVarsInLog = 0;
		};
		DCE8EE4153508407824DB9E9 /* [CP] Embed Pods Frameworks */ = {
			isa = PBXShellScriptBuildPhase;
			buildActionMask = 2147483647;
			files = (
			);
			inputPaths = (
				"${SRCROOT}/Pods/Target Support Files/Pods-Todoey/Pods-Todoey-frameworks.sh",
				"${BUILT_PRODUCTS_DIR}/Realm/Realm.framework",
				"${BUILT_PRODUCTS_DIR}/RealmSwift/RealmSwift.framework",
			);
			name = "[CP] Embed Pods Frameworks";
			outputPaths = (
				"${TARGET_BUILD_DIR}/${FRAMEWORKS_FOLDER_PATH}/Realm.framework",
				"${TARGET_BUILD_DIR}/${FRAMEWORKS_FOLDER_PATH}/RealmSwift.framework",
			);
			runOnlyForDeploymentPostprocessing = 0;
			shellPath = /bin/sh;
			shellScript = "\"${SRCROOT}/Pods/Target Support Files/Pods-Todoey/Pods-Todoey-frameworks.sh\"\n";
			showEnvVarsInLog = 0;
		};
/* End PBXShellScriptBuildPhase section */

/* Begin PBXSourcesBuildPhase section */
		F127EC37219068AD002A80C6 /* Sources */ = {
			isa = PBXSourcesBuildPhase;
			buildActionMask = 2147483647;
			files = (
				F127EC41219068AD002A80C6 /* TodolListViewController.swift in Sources */,
				F1DF0B212192C1E1007042DF /* DataModel.xcdatamodeld in Sources */,
				F127EC3F219068AD002A80C6 /* AppDelegate.swift in Sources */,
				F1DF0B442193D25D007042DF /* CategoryTableViewController.swift in Sources */,
			);
			runOnlyForDeploymentPostprocessing = 0;
		};
/* End PBXSourcesBuildPhase section */

/* Begin PBXVariantGroup section */
		F127EC42219068AD002A80C6 /* Main.storyboard */ = {
			isa = PBXVariantGroup;
			children = (
				F127EC43219068AD002A80C6 /* Base */,
			);
			name = Main.storyboard;
			sourceTree = "<group>";
		};
		F127EC47219068AF002A80C6 /* LaunchScreen.storyboard */ = {
			isa = PBXVariantGroup;
			children = (
				F127EC48219068AF002A80C6 /* Base */,
			);
			name = LaunchScreen.storyboard;
			sourceTree = "<group>";
		};
/* End PBXVariantGroup section */

/* Begin XCBuildConfiguration section */
		F127EC4B219068AF002A80C6 /* Debug */ = {
			isa = XCBuildConfiguration;
			buildSettings = {
				ALWAYS_SEARCH_USER_PATHS = NO;
				CLANG_ANALYZER_NONNULL = YES;
				CLANG_ANALYZER_NUMBER_OBJECT_CONVERSION = YES_AGGRESSIVE;
				CLANG_CXX_LANGUAGE_STANDARD = "gnu++14";
				CLANG_CXX_LIBRARY = "libc++";
				CLANG_ENABLE_MODULES = YES;
				CLANG_ENABLE_OBJC_ARC = YES;
				CLANG_ENABLE_OBJC_WEAK = YES;
				CLANG_WARN_BLOCK_CAPTURE_AUTORELEASING = YES;
				CLANG_WARN_BOOL_CONVERSION = YES;
				CLANG_WARN_COMMA = YES;
				CLANG_WARN_CONSTANT_CONVERSION = YES;
				CLANG_WARN_DEPRECATED_OBJC_IMPLEMENTATIONS = YES;
				CLANG_WARN_DIRECT_OBJC_ISA_USAGE = YES_ERROR;
				CLANG_WARN_DOCUMENTATION_COMMENTS = YES;
				CLANG_WARN_EMPTY_BODY = YES;
				CLANG_WARN_ENUM_CONVERSION = YES;
				CLANG_WARN_INFINITE_RECURSION = YES;
				CLANG_WARN_INT_CONVERSION = YES;
				CLANG_WARN_NON_LITERAL_NULL_CONVERSION = YES;
				CLANG_WARN_OBJC_IMPLICIT_RETAIN_SELF = YES;
				CLANG_WARN_OBJC_LITERAL_CONVERSION = YES;
				CLANG_WARN_OBJC_ROOT_CLASS = YES_ERROR;
				CLANG_WARN_RANGE_LOOP_ANALYSIS = YES;
				CLANG_WARN_STRICT_PROTOTYPES = YES;
				CLANG_WARN_SUSPICIOUS_MOVE = YES;
				CLANG_WARN_UNGUARDED_AVAILABILITY = YES_AGGRESSIVE;
				CLANG_WARN_UNREACHABLE_CODE = YES;
				CLANG_WARN__DUPLICATE_METHOD_MATCH = YES;
				CODE_SIGN_IDENTITY = "iPhone Developer";
				COPY_PHASE_STRIP = NO;
				DEBUG_INFORMATION_FORMAT = dwarf;
				ENABLE_STRICT_OBJC_MSGSEND = YES;
				ENABLE_TESTABILITY = YES;
				GCC_C_LANGUAGE_STANDARD = gnu11;
				GCC_DYNAMIC_NO_PIC = NO;
				GCC_NO_COMMON_BLOCKS = YES;
				GCC_OPTIMIZATION_LEVEL = 0;
				GCC_PREPROCESSOR_DEFINITIONS = (
					"DEBUG=1",
					"$(inherited)",
				);
				GCC_WARN_64_TO_32_BIT_CONVERSION = YES;
				GCC_WARN_ABOUT_RETURN_TYPE = YES_ERROR;
				GCC_WARN_UNDECLARED_SELECTOR = YES;
				GCC_WARN_UNINITIALIZED_AUTOS = YES_AGGRESSIVE;
				GCC_WARN_UNUSED_FUNCTION = YES;
				GCC_WARN_UNUSED_VARIABLE = YES;
				IPHONEOS_DEPLOYMENT_TARGET = 12.1;
				MTL_ENABLE_DEBUG_INFO = INCLUDE_SOURCE;
				MTL_FAST_MATH = YES;
				ONLY_ACTIVE_ARCH = YES;
				SDKROOT = iphoneos;
				SWIFT_ACTIVE_COMPILATION_CONDITIONS = DEBUG;
				SWIFT_OPTIMIZATION_LEVEL = "-Onone";
			};
			name = Debug;
		};
		F127EC4C219068AF002A80C6 /* Release */ = {
			isa = XCBuildConfiguration;
			buildSettings = {
				ALWAYS_SEARCH_USER_PATHS = NO;
				CLANG_ANALYZER_NONNULL = YES;
				CLANG_ANALYZER_NUMBER_OBJECT_CONVERSION = YES_AGGRESSIVE;
				CLANG_CXX_LANGUAGE_STANDARD = "gnu++14";
				CLANG_CXX_LIBRARY = "libc++";
				CLANG_ENABLE_MODULES = YES;
				CLANG_ENABLE_OBJC_ARC = YES;
				CLANG_ENABLE_OBJC_WEAK = YES;
				CLANG_WARN_BLOCK_CAPTURE_AUTORELEASING = YES;
				CLANG_WARN_BOOL_CONVERSION = YES;
				CLANG_WARN_COMMA = YES;
				CLANG_WARN_CONSTANT_CONVERSION = YES;
				CLANG_WARN_DEPRECATED_OBJC_IMPLEMENTATIONS = YES;
				CLANG_WARN_DIRECT_OBJC_ISA_USAGE = YES_ERROR;
				CLANG_WARN_DOCUMENTATION_COMMENTS = YES;
				CLANG_WARN_EMPTY_BODY = YES;
				CLANG_WARN_ENUM_CONVERSION = YES;
				CLANG_WARN_INFINITE_RECURSION = YES;
				CLANG_WARN_INT_CONVERSION = YES;
				CLANG_WARN_NON_LITERAL_NULL_CONVERSION = YES;
				CLANG_WARN_OBJC_IMPLICIT_RETAIN_SELF = YES;
				CLANG_WARN_OBJC_LITERAL_CONVERSION = YES;
				CLANG_WARN_OBJC_ROOT_CLASS = YES_ERROR;
				CLANG_WARN_RANGE_LOOP_ANALYSIS = YES;
				CLANG_WARN_STRICT_PROTOTYPES = YES;
				CLANG_WARN_SUSPICIOUS_MOVE = YES;
				CLANG_WARN_UNGUARDED_AVAILABILITY = YES_AGGRESSIVE;
				CLANG_WARN_UNREACHABLE_CODE = YES;
				CLANG_WARN__DUPLICATE_METHOD_MATCH = YES;
				CODE_SIGN_IDENTITY = "iPhone Developer";
				COPY_PHASE_STRIP = NO;
				DEBUG_INFORMATION_FORMAT = "dwarf-with-dsym";
				ENABLE_NS_ASSERTIONS = NO;
				ENABLE_STRICT_OBJC_MSGSEND = YES;
				GCC_C_LANGUAGE_STANDARD = gnu11;
				GCC_NO_COMMON_BLOCKS = YES;
				GCC_WARN_64_TO_32_BIT_CONVERSION = YES;
				GCC_WARN_ABOUT_RETURN_TYPE = YES_ERROR;
				GCC_WARN_UNDECLARED_SELECTOR = YES;
				GCC_WARN_UNINITIALIZED_AUTOS = YES_AGGRESSIVE;
				GCC_WARN_UNUSED_FUNCTION = YES;
				GCC_WARN_UNUSED_VARIABLE = YES;
				IPHONEOS_DEPLOYMENT_TARGET = 12.1;
				MTL_ENABLE_DEBUG_INFO = NO;
				MTL_FAST_MATH = YES;
				SDKROOT = iphoneos;
				SWIFT_COMPILATION_MODE = wholemodule;
				SWIFT_OPTIMIZATION_LEVEL = "-O";
				VALIDATE_PRODUCT = YES;
			};
			name = Release;
		};
		F127EC4E219068AF002A80C6 /* Debug */ = {
			isa = XCBuildConfiguration;
			baseConfigurationReference = CFE36E4C4E797E4B35374EA2 /* Pods-Todoey.debug.xcconfig */;
			buildSettings = {
				ASSETCATALOG_COMPILER_APPICON_NAME = AppIcon;
				CODE_SIGN_STYLE = Automatic;
				DEVELOPMENT_TEAM = 8TQ89H99ET;
				INFOPLIST_FILE = Todoey/Info.plist;
				LD_RUNPATH_SEARCH_PATHS = (
					"$(inherited)",
					"@executable_path/Frameworks",
				);
				PRODUCT_BUNDLE_IDENTIFIER = com.OSZ.helloworld.Todoey;
				PRODUCT_NAME = "$(TARGET_NAME)";
				SWIFT_VERSION = 4.2;
				TARGETED_DEVICE_FAMILY = "1,2";
			};
			name = Debug;
		};
		F127EC4F219068AF002A80C6 /* Release */ = {
			isa = XCBuildConfiguration;
			baseConfigurationReference = 8FF815E70575F26480195C40 /* Pods-Todoey.release.xcconfig */;
			buildSettings = {
				ASSETCATALOG_COMPILER_APPICON_NAME = AppIcon;
				CODE_SIGN_STYLE = Automatic;
				DEVELOPMENT_TEAM = 8TQ89H99ET;
				INFOPLIST_FILE = Todoey/Info.plist;
				LD_RUNPATH_SEARCH_PATHS = (
					"$(inherited)",
					"@executable_path/Frameworks",
				);
				PRODUCT_BUNDLE_IDENTIFIER = com.OSZ.helloworld.Todoey;
				PRODUCT_NAME = "$(TARGET_NAME)";
				SWIFT_VERSION = 4.2;
				TARGETED_DEVICE_FAMILY = "1,2";
			};
			name = Release;
		};
/* End XCBuildConfiguration section */

/* Begin XCConfigurationList section */
		F127EC36219068AD002A80C6 /* Build configuration list for PBXProject "Todoey" */ = {
			isa = XCConfigurationList;
			buildConfigurations = (
				F127EC4B219068AF002A80C6 /* Debug */,
				F127EC4C219068AF002A80C6 /* Release */,
			);
			defaultConfigurationIsVisible = 0;
			defaultConfigurationName = Release;
		};
		F127EC4D219068AF002A80C6 /* Build configuration list for PBXNativeTarget "Todoey" */ = {
			isa = XCConfigurationList;
			buildConfigurations = (
				F127EC4E219068AF002A80C6 /* Debug */,
				F127EC4F219068AF002A80C6 /* Release */,
			);
			defaultConfigurationIsVisible = 0;
			defaultConfigurationName = Release;
		};
/* End XCConfigurationList section */

/* Begin XCVersionGroup section */
		F1DF0B1F2192C1E1007042DF /* DataModel.xcdatamodeld */ = {
			isa = XCVersionGroup;
			children = (
				F1DF0B202192C1E1007042DF /* DataModel.xcdatamodel */,
			);
			currentVersion = F1DF0B202192C1E1007042DF /* DataModel.xcdatamodel */;
			path = DataModel.xcdatamodeld;
			sourceTree = "<group>";
			versionGroupType = wrapper.xcdatamodel;
		};
/* End XCVersionGroup section */
	};
	rootObject = F127EC33219068AD002A80C6 /* Project object */;
}
